
Microsoft Visual Studio Solution File, Format Version 12.00
# Visual Studio Version 16
VisualStudioVersion = 16.0.31702.278
MinimumVisualStudioVersion = 10.0.40219.1
Project("{FAE04EC0-301F-11D3-BF4B-00C04F79EFBC}") = "StringUtilsClassLibrary", "StringUtilsClassLibrary\StringUtilsClassLibrary.csproj", "{BDB5D56E-16C7-4602-89C8-B4132AE818DF}"
EndProject
Project("{FAE04EC0-301F-11D3-BF4B-00C04F79EFBC}") = "ConsoleApp", "ConsoleApp\ConsoleApp.csproj", "{44E46CDE-CD60-43A7-8210-E3DE56DA3EA6}"
EndProject
Global
	GlobalSection(SolutionConfigurationPlatforms) = preSolution
		Debug|Any CPU = Debug|Any CPU
		Release|Any CPU = Release|Any CPU
	EndGlobalSection
	GlobalSection(ProjectConfigurationPlatforms) = postSolution
		{BDB5D56E-16C7-4602-89C8-B4132AE818DF}.Debug|Any CPU.ActiveCfg = Debug|Any CPU
		{BDB5D56E-16C7-4602-89C8-B4132AE818DF}.Debug|Any CPU.Build.0 = Debug|Any CPU
		{BDB5D56E-16C7-4602-89C8-B4132AE818DF}.Release|Any CPU.ActiveCfg = Release|Any CPU
		{BDB5D56E-16C7-4602-89C8-B4132AE818DF}.Release|Any CPU.Build.0 = Release|Any CPU
		{44E46CDE-CD60-43A7-8210-E3DE56DA3EA6}.Debug|Any CPU.ActiveCfg = Debug|Any CPU
		{44E46CDE-CD60-43A7-8210-E3DE56DA3EA6}.Debug|Any CPU.Build.0 = Debug|Any CPU
		{44E46CDE-CD60-43A7-8210-E3DE56DA3EA6}.Release|Any CPU.ActiveCfg = Release|Any CPU
		{44E46CDE-CD60-43A7-8210-E3DE56DA3EA6}.Release|Any CPU.Build.0 = Release|Any CPU
	EndGlobalSection
	GlobalSection(SolutionProperties) = preSolution
		HideSolutionNode = FALSE
	EndGlobalSection
	GlobalSection(ExtensibilityGlobals) = postSolution
		SolutionGuid = {CEC5FFC9-E581-4307-A438-E034721AE059}
	EndGlobalSection
EndGlobal
